<?xml version="1.0" encoding="utf-8"?>
<Project ToolsVersion="4.0" xmlns="http://schemas.microsoft.com/developer/msbuild/2003">
  <ItemGroup>
    <Filter Include="ソース ファイル">
      <UniqueIdentifier>{4FC737F1-C7A5-4376-A066-2A32D752A2FF}</UniqueIdentifier>
      <Extensions>cpp;c;cc;cxx;def;odl;idl;hpj;bat;asm;asmx</Extensions>
    </Filter>
    <Filter Include="ヘッダー ファイル">
      <UniqueIdentifier>{93995380-89BD-4b04-88EB-625FBE52EBFB}</UniqueIdentifier>
      <Extensions>h;hh;hpp;hxx;hm;inl;inc;xsd</Extensions>
    </Filter>
    <Filter Include="リソース ファイル">
      <UniqueIdentifier>{67DA6AB6-F800-4c08-8B7A-83BB121AAD01}</UniqueIdentifier>
      <Extensions>rc;ico;cur;bmp;dlg;rc2;rct;bin;rgs;gif;jpg;jpeg;jpe;resx;tiff;tif;png;wav;mfcribbon-ms</Extensions>
    </Filter>
    <Filter Include="ソース ファイル\Graph">
      <UniqueIdentifier>{aa58cd3d-6793-4ada-b669-d03a36c93e2c}</UniqueIdentifier>
    </Filter>
    <Filter Include="ソース ファイル\Graph\SpinedCube">
      <UniqueIdentifier>{244c8bdf-eef0-40c2-b7cd-a8e384fcb02e}</UniqueIdentifier>
    </Filter>
    <Filter Include="ヘッダー ファイル\Graph">
      <UniqueIdentifier>{7a6e74d5-7811-406f-bcf5-abf06ab83c17}</UniqueIdentifier>
    </Filter>
    <Filter Include="ヘッダー ファイル\Graph\SpinedCube">
      <UniqueIdentifier>{dbd50df1-5377-4d77-990d-4ca08090cd35}</UniqueIdentifier>
    </Filter>
  </ItemGroup>
  <ItemGroup>
    <ClInclude Include="Source\Common.h">
      <Filter>ヘッダー ファイル</Filter>
    </ClInclude>
    <ClInclude Include="Source\Routing.h">
      <Filter>ヘッダー ファイル</Filter>
    </ClInclude>
    <ClInclude Include="Source\Score.h">
      <Filter>ヘッダー ファイル</Filter>
    </ClInclude>
    <ClInclude Include="Source\Test.h">
      <Filter>ヘッダー ファイル</Filter>
    </ClInclude>
    <ClInclude Include="Source\Graph\LTQ.h">
      <Filter>ヘッダー ファイル\Graph</Filter>
    </ClInclude>
    <ClInclude Include="Source\Graph\MobiusCube.h">
      <Filter>ヘッダー ファイル\Graph</Filter>
    </ClInclude>
    <ClInclude Include="Source\Graph\PancakeGraph.h">
      <Filter>ヘッダー ファイル\Graph</Filter>
    </ClInclude>
    <ClInclude Include="Source\Graph\SGraph.h">
      <Filter>ヘッダー ファイル\Graph</Filter>
    </ClInclude>
    <ClInclude Include="Source\Graph\SpinedCube.h">
      <Filter>ヘッダー ファイル\Graph</Filter>
    </ClInclude>
    <ClInclude Include="Source\Graph\SpinedCube_shortestpathrouting\SPR.h">
      <Filter>ヘッダー ファイル\Graph\SpinedCube</Filter>
    </ClInclude>
    <ClInclude Include="Source\Graph\SpinedCube_shortestpathrouting\Node.h">
      <Filter>ヘッダー ファイル\Graph\SpinedCube</Filter>
    </ClInclude>
    <ClInclude Include="Source\Graph\SpinedCube_shortestpathrouting\Expansion.h">
      <Filter>ヘッダー ファイル\Graph\SpinedCube</Filter>
    </ClInclude>
  </ItemGroup>
  <ItemGroup>
    <ClCompile Include="Source\Common.cpp">
      <Filter>ソース ファイル</Filter>
    </ClCompile>
    <ClCompile Include="Source\Main.cpp">
      <Filter>ソース ファイル</Filter>
    </ClCompile>
    <ClCompile Include="Source\Routing.cpp">
      <Filter>ソース ファイル</Filter>
    </ClCompile>
    <ClCompile Include="Source\Score.cpp">
      <Filter>ソース ファイル</Filter>
    </ClCompile>
    <ClCompile Include="Source\Test.cpp">
      <Filter>ソース ファイル</Filter>
    </ClCompile>
    <ClCompile Include="Source\Graph\LTQ.cpp">
      <Filter>ソース ファイル\Graph</Filter>
    </ClCompile>
    <ClCompile Include="Source\Graph\MobiusCube.cpp">
      <Filter>ソース ファイル\Graph</Filter>
    </ClCompile>
    <ClCompile Include="Source\Graph\PancakeGraph.cpp">
      <Filter>ソース ファイル\Graph</Filter>
    </ClCompile>
    <ClCompile Include="Source\Graph\SGraph.cpp">
      <Filter>ソース ファイル\Graph</Filter>
    </ClCompile>
    <ClCompile Include="Source\Graph\SpinedCube.cpp">
      <Filter>ソース ファイル\Graph</Filter>
    </ClCompile>
    <ClCompile Include="Source\Graph\SpinedCube_shortestpathrouting\Node.cpp">
      <Filter>ソース ファイル\Graph\SpinedCube</Filter>
    </ClCompile>
    <ClCompile Include="Source\Graph\SpinedCube_shortestpathrouting\SPR.cpp">
      <Filter>ソース ファイル\Graph\SpinedCube</Filter>
    </ClCompile>
  </ItemGroup>
</Project>